{
  "name": "node-red-contrib-email",
  "version": "0.2.1",
  "lockfileVersion": 3,
  "requires": true,
  "packages": {
    "": {
      "name": "node-red-contrib-email",
      "version": "0.2.1",
      "license": "MIT",
      "dependencies": {
        "nodemailer": "^6.9.9"
      },
      "engines": {
        "node": ">=6.0.0"
      }
    },
    "node_modules/nodemailer": {
      "version": "6.9.9",
      "resolved": "https://registry.npmjs.org/nodemailer/-/nodemailer-6.9.9.tgz",
      "integrity": "sha512-dexTll8zqQoVJEZPwQAKzxxtFn0qTnjdQTchoU6Re9BUUGBJiOy3YMn/0ShTW6J5M0dfQ1NeDeRTTl4oIWgQMA==",
      "engines": {
        "node": ">=6.0.0"
      }
    }
  }
}
