{
  "name": "node-red-contrib-email",
  "version": "0.2.2",
  "lockfileVersion": 3,
  "requires": true,
  "packages": {
    "": {
      "name": "node-red-contrib-email",
      "version": "0.2.2",
      "license": "MIT",
      "dependencies": {
        "nodemailer": "^6.9.12"
      },
      "engines": {
        "node": ">=6.0.0"
      }
    },
    "node_modules/nodemailer": {
      "version": "6.9.12",
      "resolved": "https://registry.npmjs.org/nodemailer/-/nodemailer-6.9.12.tgz",
      "integrity": "sha512-pnLo7g37Br3jXbF0bl5DekBJihm2q+3bB3l2o/B060sWmb5l+VqeScAQCBqaQ+5ezRZFzW5SciZNGdRDEbq89w==",
      "engines": {
        "node": ">=6.0.0"
      }
    }
  }
}
